
Microsoft Visual Studio Solution File, Format Version 12.00
# Visual Studio Version 17
VisualStudioVersion = 17.3.32819.101
MinimumVisualStudioVersion = 10.0.40219.1
Project("{FAE04EC0-301F-11D3-BF4B-00C04F79EFBC}") = "BugTracker", "BugTracker.csproj", "{D3EB4A37-0728-4EF9-B7AF-D484F7C14862}"
EndProject
Global
	GlobalSection(SolutionConfigurationPlatforms) = preSolution
		Debug|Any CPU = Debug|Any CPU
		Release|Any CPU = Release|Any CPU
	EndGlobalSection
	GlobalSection(ProjectConfigurationPlatforms) = postSolution
		{D3EB4A37-0728-4EF9-B7AF-D484F7C14862}.Debug|Any CPU.ActiveCfg = Debug|Any CPU
		{D3EB4A37-0728-4EF9-B7AF-D484F7C14862}.Debug|Any CPU.Build.0 = Debug|Any CPU
		{D3EB4A37-0728-4EF9-B7AF-D484F7C14862}.Release|Any CPU.ActiveCfg = Release|Any CPU
		{D3EB4A37-0728-4EF9-B7AF-D484F7C14862}.Release|Any CPU.Build.0 = Release|Any CPU
	EndGlobalSection
	GlobalSection(SolutionProperties) = preSolution
		HideSolutionNode = FALSE
	EndGlobalSection
	GlobalSection(ExtensibilityGlobals) = postSolution
		SolutionGuid = {9A919E48-1845-4981-81D2-B693C6663A58}
	EndGlobalSection
EndGlobal
